
Microsoft Visual Studio Solution File, Format Version 12.00
# Visual Studio Version 16
VisualStudioVersion = 16.0.29613.14
MinimumVisualStudioVersion = 10.0.40219.1
Project("{9A19103F-16F7-4668-BE54-9A1E7A4F7556}") = "SATBot-v0", "SATBot-v0.csproj", "{CB573796-05E6-47BC-AF53-6034344F8662}"
EndProject
Project("{FAE04EC0-301F-11D3-BF4B-00C04F79EFBC}") = "SATDash-v0", "..\SATDash-v0\SATDash-v0.csproj", "{E5CECF91-DDFB-4C65-AA6F-CDC4441F5561}"
EndProject
Global
	GlobalSection(SolutionConfigurationPlatforms) = preSolution
		Debug|Any CPU = Debug|Any CPU
		Release|Any CPU = Release|Any CPU
	EndGlobalSection
	GlobalSection(ProjectConfigurationPlatforms) = postSolution
		{CB573796-05E6-47BC-AF53-6034344F8662}.Debug|Any CPU.ActiveCfg = Debug|Any CPU
		{CB573796-05E6-47BC-AF53-6034344F8662}.Debug|Any CPU.Build.0 = Debug|Any CPU
		{CB573796-05E6-47BC-AF53-6034344F8662}.Release|Any CPU.ActiveCfg = Release|Any CPU
		{CB573796-05E6-47BC-AF53-6034344F8662}.Release|Any CPU.Build.0 = Release|Any CPU
		{E5CECF91-DDFB-4C65-AA6F-CDC4441F5561}.Debug|Any CPU.ActiveCfg = Debug|Any CPU
		{E5CECF91-DDFB-4C65-AA6F-CDC4441F5561}.Debug|Any CPU.Build.0 = Debug|Any CPU
		{E5CECF91-DDFB-4C65-AA6F-CDC4441F5561}.Release|Any CPU.ActiveCfg = Release|Any CPU
		{E5CECF91-DDFB-4C65-AA6F-CDC4441F5561}.Release|Any CPU.Build.0 = Release|Any CPU
	EndGlobalSection
	GlobalSection(SolutionProperties) = preSolution
		HideSolutionNode = FALSE
	EndGlobalSection
	GlobalSection(ExtensibilityGlobals) = postSolution
		SolutionGuid = {1DC04DC6-1529-423C-8BDE-FEC2F0063C3A}
	EndGlobalSection
EndGlobal
